// !$*UTF8*$!
{
	archiveVersion = 1;
	classes = {
	};
	objectVersion = 46;
	objects = {

/* Begin PBXBuildFile section */
		BFB62AF832275CC1FA7C1D28 /* Pods_Routefire.framework in Frameworks */ = {isa = PBXBuildFile; fileRef = 34BC3A939C1E0D8C482FB926 /* Pods_Routefire.framework */; };
		C4037DFF1E2EB82600279B01 /* Uber.swift in Sources */ = {isa = PBXBuildFile; fileRef = C4037DFE1E2EB82600279B01 /* Uber.swift */; };
		C4037E011E2EB87D00279B01 /* Lyft.swift in Sources */ = {isa = PBXBuildFile; fileRef = C4037E001E2EB87D00279B01 /* Lyft.swift */; };
		C4037E031E2EB88D00279B01 /* Taxi.swift in Sources */ = {isa = PBXBuildFile; fileRef = C4037E021E2EB88D00279B01 /* Taxi.swift */; };
		C4037E051E2EB8A600279B01 /* Places.swift in Sources */ = {isa = PBXBuildFile; fileRef = C4037E041E2EB8A600279B01 /* Places.swift */; };
		C438C74B1E25A7CE0043922E /* RoutePresenter.swift in Sources */ = {isa = PBXBuildFile; fileRef = C438C74A1E25A7CE0043922E /* RoutePresenter.swift */; };
		C4551CCD1E2C3A18001A8172 /* ProfileViewController.swift in Sources */ = {isa = PBXBuildFile; fileRef = C4551CCB1E2C3A18001A8172 /* ProfileViewController.swift */; };
		C4551CCE1E2C3A18001A8172 /* ProfileViewController.xib in Resources */ = {isa = PBXBuildFile; fileRef = C4551CCC1E2C3A18001A8172 /* ProfileViewController.xib */; };
		C468F2D71E2333BA0046FDD2 /* HomeViewController.swift in Sources */ = {isa = PBXBuildFile; fileRef = C468F2D51E2333BA0046FDD2 /* HomeViewController.swift */; };
		C468F2D81E2333BA0046FDD2 /* HomeViewController.xib in Resources */ = {isa = PBXBuildFile; fileRef = C468F2D61E2333BA0046FDD2 /* HomeViewController.xib */; };
		C468F2DB1E2343190046FDD2 /* RouteViewController.swift in Sources */ = {isa = PBXBuildFile; fileRef = C468F2D91E2343190046FDD2 /* RouteViewController.swift */; };
		C468F2DC1E2343190046FDD2 /* RouteViewController.xib in Resources */ = {isa = PBXBuildFile; fileRef = C468F2DA1E2343190046FDD2 /* RouteViewController.xib */; };
		C469AAAE1E1F31850009A15F /* BottomBorderTextField.swift in Sources */ = {isa = PBXBuildFile; fileRef = C469AAAD1E1F31850009A15F /* BottomBorderTextField.swift */; };
		C46E12911E245BC2009E1D59 /* CustomShadows.swift in Sources */ = {isa = PBXBuildFile; fileRef = C46E12901E245BC2009E1D59 /* CustomShadows.swift */; };
		C46E12961E248318009E1D59 /* ContainerViewController.swift in Sources */ = {isa = PBXBuildFile; fileRef = C46E12941E248318009E1D59 /* ContainerViewController.swift */; };
		C46E12991E258E64009E1D59 /* MapStyle.json in Resources */ = {isa = PBXBuildFile; fileRef = C46E12981E258E64009E1D59 /* MapStyle.json */; };
		C472BF381E2A8E5600D9A2E7 /* CustomColors.swift in Sources */ = {isa = PBXBuildFile; fileRef = C472BF371E2A8E5600D9A2E7 /* CustomColors.swift */; };
		C4746FE71E1E082C00832FC3 /* AppDelegate.swift in Sources */ = {isa = PBXBuildFile; fileRef = C4746FE61E1E082C00832FC3 /* AppDelegate.swift */; };
		C4746FEF1E1E082C00832FC3 /* Routefire.xcdatamodeld in Sources */ = {isa = PBXBuildFile; fileRef = C4746FED1E1E082C00832FC3 /* Routefire.xcdatamodeld */; };
		C4746FF11E1E082C00832FC3 /* Assets.xcassets in Resources */ = {isa = PBXBuildFile; fileRef = C4746FF01E1E082C00832FC3 /* Assets.xcassets */; };
		C4746FF41E1E082C00832FC3 /* LaunchScreen.storyboard in Resources */ = {isa = PBXBuildFile; fileRef = C4746FF21E1E082C00832FC3 /* LaunchScreen.storyboard */; };
		C474729B1E27433600292CD6 /* BestRouteCollectionViewCell.swift in Sources */ = {isa = PBXBuildFile; fileRef = C47472991E27433600292CD6 /* BestRouteCollectionViewCell.swift */; };
		C474729C1E27433600292CD6 /* BestRouteCollectionViewCell.xib in Resources */ = {isa = PBXBuildFile; fileRef = C474729A1E27433600292CD6 /* BestRouteCollectionViewCell.xib */; };
		C474729F1E27479400292CD6 /* Route.swift in Sources */ = {isa = PBXBuildFile; fileRef = C474729E1E27479400292CD6 /* Route.swift */; };
		C47472A21E27829400292CD6 /* SettingsViewController.swift in Sources */ = {isa = PBXBuildFile; fileRef = C47472A01E27829400292CD6 /* SettingsViewController.swift */; };
		C47472A31E27829400292CD6 /* SettingsViewController.xib in Resources */ = {isa = PBXBuildFile; fileRef = C47472A11E27829400292CD6 /* SettingsViewController.xib */; };
		C47472A61E2782EE00292CD6 /* SettingsPresenter.swift in Sources */ = {isa = PBXBuildFile; fileRef = C47472A51E2782EE00292CD6 /* SettingsPresenter.swift */; };
		C4B305D71E1E0A2300C56A99 /* Secrets.swift in Sources */ = {isa = PBXBuildFile; fileRef = C4B305D61E1E0A2300C56A99 /* Secrets.swift */; };
		C4B305DB1E1E13D600C56A99 /* KeyframeAnimationOptions.swift in Sources */ = {isa = PBXBuildFile; fileRef = C4B305DA1E1E13D600C56A99 /* KeyframeAnimationOptions.swift */; };
		C4B305DD1E1E4BBE00C56A99 /* Constants.swift in Sources */ = {isa = PBXBuildFile; fileRef = C4B305DC1E1E4BBE00C56A99 /* Constants.swift */; };
		C4EAF3EF1E26EAA900AB7A23 /* DestinationTableViewCell.swift in Sources */ = {isa = PBXBuildFile; fileRef = C4EAF3ED1E26EAA900AB7A23 /* DestinationTableViewCell.swift */; };
		C4EAF3F01E26EAA900AB7A23 /* DestinationTableViewCell.xib in Resources */ = {isa = PBXBuildFile; fileRef = C4EAF3EE1E26EAA900AB7A23 /* DestinationTableViewCell.xib */; };
		C4EAF3F61E26FDDF00AB7A23 /* HomePresenter.swift in Sources */ = {isa = PBXBuildFile; fileRef = C4EAF3F51E26FDDF00AB7A23 /* HomePresenter.swift */; };
		C4EAF3F81E2713D800AB7A23 /* RouteInteractor.swift in Sources */ = {isa = PBXBuildFile; fileRef = C4EAF3F71E2713D800AB7A23 /* RouteInteractor.swift */; };
		C4F4712B1E2EDA6900479187 /* BestRoutesViewController.swift in Sources */ = {isa = PBXBuildFile; fileRef = C4F471291E2EDA6900479187 /* BestRoutesViewController.swift */; };
		C4F4712C1E2EDA6900479187 /* BestRoutesViewController.xib in Resources */ = {isa = PBXBuildFile; fileRef = C4F4712A1E2EDA6900479187 /* BestRoutesViewController.xib */; };
		C4F4712E1E2EDAB500479187 /* BestRoutesPresenter.swift in Sources */ = {isa = PBXBuildFile; fileRef = C4F4712D1E2EDAB500479187 /* BestRoutesPresenter.swift */; };
		C4F471311E2EE64700479187 /* HomeWireframe.swift in Sources */ = {isa = PBXBuildFile; fileRef = C4F471301E2EE64700479187 /* HomeWireframe.swift */; };
/* End PBXBuildFile section */

/* Begin PBXFileReference section */
		34BC3A939C1E0D8C482FB926 /* Pods_Routefire.framework */ = {isa = PBXFileReference; explicitFileType = wrapper.framework; includeInIndex = 0; path = Pods_Routefire.framework; sourceTree = BUILT_PRODUCTS_DIR; };
		5C223F96DCEC47D1C0B8AF18 /* Pods-Routefire.debug.xcconfig */ = {isa = PBXFileReference; includeInIndex = 1; lastKnownFileType = text.xcconfig; name = "Pods-Routefire.debug.xcconfig"; path = "Pods/Target Support Files/Pods-Routefire/Pods-Routefire.debug.xcconfig"; sourceTree = "<group>"; };
		77BB0D6CCC46922D13B4BFF0 /* Pods-Routefire.release.xcconfig */ = {isa = PBXFileReference; includeInIndex = 1; lastKnownFileType = text.xcconfig; name = "Pods-Routefire.release.xcconfig"; path = "Pods/Target Support Files/Pods-Routefire/Pods-Routefire.release.xcconfig"; sourceTree = "<group>"; };
		C4037DFE1E2EB82600279B01 /* Uber.swift */ = {isa = PBXFileReference; fileEncoding = 4; lastKnownFileType = sourcecode.swift; path = Uber.swift; sourceTree = "<group>"; };
		C4037E001E2EB87D00279B01 /* Lyft.swift */ = {isa = PBXFileReference; fileEncoding = 4; lastKnownFileType = sourcecode.swift; path = Lyft.swift; sourceTree = "<group>"; };
		C4037E021E2EB88D00279B01 /* Taxi.swift */ = {isa = PBXFileReference; fileEncoding = 4; lastKnownFileType = sourcecode.swift; path = Taxi.swift; sourceTree = "<group>"; };
		C4037E041E2EB8A600279B01 /* Places.swift */ = {isa = PBXFileReference; fileEncoding = 4; lastKnownFileType = sourcecode.swift; path = Places.swift; sourceTree = "<group>"; };
		C438C74A1E25A7CE0043922E /* RoutePresenter.swift */ = {isa = PBXFileReference; fileEncoding = 4; lastKnownFileType = sourcecode.swift; path = RoutePresenter.swift; sourceTree = "<group>"; };
		C4551CCB1E2C3A18001A8172 /* ProfileViewController.swift */ = {isa = PBXFileReference; fileEncoding = 4; lastKnownFileType = sourcecode.swift; path = ProfileViewController.swift; sourceTree = "<group>"; };
		C4551CCC1E2C3A18001A8172 /* ProfileViewController.xib */ = {isa = PBXFileReference; fileEncoding = 4; lastKnownFileType = file.xib; path = ProfileViewController.xib; sourceTree = "<group>"; };
		C468F2D51E2333BA0046FDD2 /* HomeViewController.swift */ = {isa = PBXFileReference; fileEncoding = 4; lastKnownFileType = sourcecode.swift; path = HomeViewController.swift; sourceTree = "<group>"; };
		C468F2D61E2333BA0046FDD2 /* HomeViewController.xib */ = {isa = PBXFileReference; fileEncoding = 4; lastKnownFileType = file.xib; path = HomeViewController.xib; sourceTree = "<group>"; };
		C468F2D91E2343190046FDD2 /* RouteViewController.swift */ = {isa = PBXFileReference; fileEncoding = 4; lastKnownFileType = sourcecode.swift; path = RouteViewController.swift; sourceTree = "<group>"; };
		C468F2DA1E2343190046FDD2 /* RouteViewController.xib */ = {isa = PBXFileReference; fileEncoding = 4; lastKnownFileType = file.xib; path = RouteViewController.xib; sourceTree = "<group>"; };
		C469AAAD1E1F31850009A15F /* BottomBorderTextField.swift */ = {isa = PBXFileReference; fileEncoding = 4; lastKnownFileType = sourcecode.swift; path = BottomBorderTextField.swift; sourceTree = "<group>"; };
		C46E12901E245BC2009E1D59 /* CustomShadows.swift */ = {isa = PBXFileReference; fileEncoding = 4; lastKnownFileType = sourcecode.swift; path = CustomShadows.swift; sourceTree = "<group>"; };
		C46E12941E248318009E1D59 /* ContainerViewController.swift */ = {isa = PBXFileReference; fileEncoding = 4; lastKnownFileType = sourcecode.swift; path = ContainerViewController.swift; sourceTree = "<group>"; };
		C46E12981E258E64009E1D59 /* MapStyle.json */ = {isa = PBXFileReference; fileEncoding = 4; lastKnownFileType = text.json; path = MapStyle.json; sourceTree = "<group>"; };
		C472BF371E2A8E5600D9A2E7 /* CustomColors.swift */ = {isa = PBXFileReference; fileEncoding = 4; lastKnownFileType = sourcecode.swift; path = CustomColors.swift; sourceTree = "<group>"; };
		C4746FE31E1E082C00832FC3 /* Routefire.app */ = {isa = PBXFileReference; explicitFileType = wrapper.application; includeInIndex = 0; path = Routefire.app; sourceTree = BUILT_PRODUCTS_DIR; };
		C4746FE61E1E082C00832FC3 /* AppDelegate.swift */ = {isa = PBXFileReference; lastKnownFileType = sourcecode.swift; path = AppDelegate.swift; sourceTree = "<group>"; };
		C4746FEE1E1E082C00832FC3 /* Routefire.xcdatamodel */ = {isa = PBXFileReference; lastKnownFileType = wrapper.xcdatamodel; path = Routefire.xcdatamodel; sourceTree = "<group>"; };
		C4746FF01E1E082C00832FC3 /* Assets.xcassets */ = {isa = PBXFileReference; lastKnownFileType = folder.assetcatalog; path = Assets.xcassets; sourceTree = "<group>"; };
		C4746FF31E1E082C00832FC3 /* Base */ = {isa = PBXFileReference; lastKnownFileType = file.storyboard; name = Base; path = Base.lproj/LaunchScreen.storyboard; sourceTree = "<group>"; };
		C4746FF51E1E082C00832FC3 /* Info.plist */ = {isa = PBXFileReference; lastKnownFileType = text.plist.xml; path = Info.plist; sourceTree = "<group>"; };
		C47472991E27433600292CD6 /* BestRouteCollectionViewCell.swift */ = {isa = PBXFileReference; fileEncoding = 4; lastKnownFileType = sourcecode.swift; path = BestRouteCollectionViewCell.swift; sourceTree = "<group>"; };
		C474729A1E27433600292CD6 /* BestRouteCollectionViewCell.xib */ = {isa = PBXFileReference; fileEncoding = 4; lastKnownFileType = file.xib; path = BestRouteCollectionViewCell.xib; sourceTree = "<group>"; };
		C474729E1E27479400292CD6 /* Route.swift */ = {isa = PBXFileReference; fileEncoding = 4; lastKnownFileType = sourcecode.swift; path = Route.swift; sourceTree = "<group>"; };
		C47472A01E27829400292CD6 /* SettingsViewController.swift */ = {isa = PBXFileReference; fileEncoding = 4; lastKnownFileType = sourcecode.swift; path = SettingsViewController.swift; sourceTree = "<group>"; };
		C47472A11E27829400292CD6 /* SettingsViewController.xib */ = {isa = PBXFileReference; fileEncoding = 4; lastKnownFileType = file.xib; path = SettingsViewController.xib; sourceTree = "<group>"; };
		C47472A51E2782EE00292CD6 /* SettingsPresenter.swift */ = {isa = PBXFileReference; fileEncoding = 4; lastKnownFileType = sourcecode.swift; path = SettingsPresenter.swift; sourceTree = "<group>"; };
		C4B305D61E1E0A2300C56A99 /* Secrets.swift */ = {isa = PBXFileReference; fileEncoding = 4; lastKnownFileType = sourcecode.swift; path = Secrets.swift; sourceTree = "<group>"; };
		C4B305DA1E1E13D600C56A99 /* KeyframeAnimationOptions.swift */ = {isa = PBXFileReference; fileEncoding = 4; lastKnownFileType = sourcecode.swift; path = KeyframeAnimationOptions.swift; sourceTree = "<group>"; };
		C4B305DC1E1E4BBE00C56A99 /* Constants.swift */ = {isa = PBXFileReference; fileEncoding = 4; lastKnownFileType = sourcecode.swift; path = Constants.swift; sourceTree = "<group>"; };
		C4EAF3ED1E26EAA900AB7A23 /* DestinationTableViewCell.swift */ = {isa = PBXFileReference; fileEncoding = 4; lastKnownFileType = sourcecode.swift; path = DestinationTableViewCell.swift; sourceTree = "<group>"; };
		C4EAF3EE1E26EAA900AB7A23 /* DestinationTableViewCell.xib */ = {isa = PBXFileReference; fileEncoding = 4; lastKnownFileType = file.xib; path = DestinationTableViewCell.xib; sourceTree = "<group>"; };
		C4EAF3F51E26FDDF00AB7A23 /* HomePresenter.swift */ = {isa = PBXFileReference; fileEncoding = 4; lastKnownFileType = sourcecode.swift; path = HomePresenter.swift; sourceTree = "<group>"; };
		C4EAF3F71E2713D800AB7A23 /* RouteInteractor.swift */ = {isa = PBXFileReference; fileEncoding = 4; lastKnownFileType = sourcecode.swift; path = RouteInteractor.swift; sourceTree = "<group>"; };
		C4F471291E2EDA6900479187 /* BestRoutesViewController.swift */ = {isa = PBXFileReference; fileEncoding = 4; lastKnownFileType = sourcecode.swift; path = BestRoutesViewController.swift; sourceTree = "<group>"; };
		C4F4712A1E2EDA6900479187 /* BestRoutesViewController.xib */ = {isa = PBXFileReference; fileEncoding = 4; lastKnownFileType = file.xib; path = BestRoutesViewController.xib; sourceTree = "<group>"; };
		C4F4712D1E2EDAB500479187 /* BestRoutesPresenter.swift */ = {isa = PBXFileReference; fileEncoding = 4; lastKnownFileType = sourcecode.swift; path = BestRoutesPresenter.swift; sourceTree = "<group>"; };
		C4F471301E2EE64700479187 /* HomeWireframe.swift */ = {isa = PBXFileReference; fileEncoding = 4; lastKnownFileType = sourcecode.swift; path = HomeWireframe.swift; sourceTree = "<group>"; };
/* End PBXFileReference section */

/* Begin PBXFrameworksBuildPhase section */
		C4746FE01E1E082C00832FC3 /* Frameworks */ = {
			isa = PBXFrameworksBuildPhase;
			buildActionMask = 2147483647;
			files = (
				BFB62AF832275CC1FA7C1D28 /* Pods_Routefire.framework in Frameworks */,
			);
			runOnlyForDeploymentPostprocessing = 0;
		};
/* End PBXFrameworksBuildPhase section */

/* Begin PBXGroup section */
		40B50608910CC459277175BB /* Frameworks */ = {
			isa = PBXGroup;
			children = (
				34BC3A939C1E0D8C482FB926 /* Pods_Routefire.framework */,
			);
			name = Frameworks;
			sourceTree = "<group>";
		};
		AE3BEED239677E76C1E80767 /* Pods */ = {
			isa = PBXGroup;
			children = (
				5C223F96DCEC47D1C0B8AF18 /* Pods-Routefire.debug.xcconfig */,
				77BB0D6CCC46922D13B4BFF0 /* Pods-Routefire.release.xcconfig */,
			);
			name = Pods;
			sourceTree = "<group>";
		};
		C4037DFD1E2EB6A300279B01 /* Interactor */ = {
			isa = PBXGroup;
			children = (
				C4037DFE1E2EB82600279B01 /* Uber.swift */,
				C4037E001E2EB87D00279B01 /* Lyft.swift */,
				C4037E021E2EB88D00279B01 /* Taxi.swift */,
				C4037E041E2EB8A600279B01 /* Places.swift */,
			);
			name = Interactor;
			sourceTree = "<group>";
		};
		C4551CC51E2C39B8001A8172 /* Profile Module */ = {
			isa = PBXGroup;
			children = (
				C4551CC61E2C39C3001A8172 /* View */,
			);
			name = "Profile Module";
			sourceTree = "<group>";
		};
		C4551CC61E2C39C3001A8172 /* View */ = {
			isa = PBXGroup;
			children = (
				C4551CCB1E2C3A18001A8172 /* ProfileViewController.swift */,
				C4551CCC1E2C3A18001A8172 /* ProfileViewController.xib */,
			);
			name = View;
			sourceTree = "<group>";
		};
		C4746FDA1E1E082C00832FC3 = {
			isa = PBXGroup;
			children = (
				C4746FE51E1E082C00832FC3 /* Routefire */,
				C4746FE41E1E082C00832FC3 /* Products */,
				AE3BEED239677E76C1E80767 /* Pods */,
				40B50608910CC459277175BB /* Frameworks */,
			);
			sourceTree = "<group>";
		};
		C4746FE41E1E082C00832FC3 /* Products */ = {
			isa = PBXGroup;
			children = (
				C4746FE31E1E082C00832FC3 /* Routefire.app */,
			);
			name = Products;
			sourceTree = "<group>";
		};
		C4746FE51E1E082C00832FC3 /* Routefire */ = {
			isa = PBXGroup;
			children = (
				C4746FE61E1E082C00832FC3 /* AppDelegate.swift */,
				C46E12941E248318009E1D59 /* ContainerViewController.swift */,
				C4746FF21E1E082C00832FC3 /* LaunchScreen.storyboard */,
				C4746FF01E1E082C00832FC3 /* Assets.xcassets */,
				C4037DFD1E2EB6A300279B01 /* Interactor */,
				C4DD69E71E205FA900667A4C /* Home Module */,
				C4F471251E2EDA0C00479187 /* Best Routes Module */,
				C4DD69F51E20610E00667A4C /* Route Module */,
				C4DD69E81E205FB400667A4C /* Settings Module */,
				C4B305D41E1E0A0100C56A99 /* Other */,
			);
			path = Routefire;
			sourceTree = "<group>";
		};
		C47472911E27235D00292CD6 /* Subviews */ = {
			isa = PBXGroup;
			children = (
				C4EAF3ED1E26EAA900AB7A23 /* DestinationTableViewCell.swift */,
				C4EAF3EE1E26EAA900AB7A23 /* DestinationTableViewCell.xib */,
			);
			name = Subviews;
			sourceTree = "<group>";
		};
		C47472941E2742D500292CD6 /* Subviews */ = {
			isa = PBXGroup;
			children = (
				C47472991E27433600292CD6 /* BestRouteCollectionViewCell.swift */,
				C474729A1E27433600292CD6 /* BestRouteCollectionViewCell.xib */,
			);
			name = Subviews;
			sourceTree = "<group>";
		};
		C474729D1E27478200292CD6 /* Entity */ = {
			isa = PBXGroup;
			children = (
				C474729E1E27479400292CD6 /* Route.swift */,
			);
			name = Entity;
			sourceTree = "<group>";
		};
		C47472A41E2782D300292CD6 /* Presenter */ = {
			isa = PBXGroup;
			children = (
				C47472A51E2782EE00292CD6 /* SettingsPresenter.swift */,
			);
			name = Presenter;
			sourceTree = "<group>";
		};
		C4B305D41E1E0A0100C56A99 /* Other */ = {
			isa = PBXGroup;
			children = (
				C469AAAD1E1F31850009A15F /* BottomBorderTextField.swift */,
				C4B305DA1E1E13D600C56A99 /* KeyframeAnimationOptions.swift */,
				C46E12901E245BC2009E1D59 /* CustomShadows.swift */,
				C472BF371E2A8E5600D9A2E7 /* CustomColors.swift */,
				C4B305D61E1E0A2300C56A99 /* Secrets.swift */,
				C4B305DC1E1E4BBE00C56A99 /* Constants.swift */,
				C46E12981E258E64009E1D59 /* MapStyle.json */,
				C4746FF51E1E082C00832FC3 /* Info.plist */,
				C4746FED1E1E082C00832FC3 /* Routefire.xcdatamodeld */,
			);
			name = Other;
			sourceTree = "<group>";
		};
		C4DD69E71E205FA900667A4C /* Home Module */ = {
			isa = PBXGroup;
			children = (
				C4DD69EE1E20605500667A4C /* View */,
				C4DD69F01E20607400667A4C /* Presenter */,
				C4F4712F1E2EE5C300479187 /* Wireframe */,
			);
			name = "Home Module";
			sourceTree = "<group>";
		};
		C4DD69E81E205FB400667A4C /* Settings Module */ = {
			isa = PBXGroup;
			children = (
				C4551CC51E2C39B8001A8172 /* Profile Module */,
				C47472A41E2782D300292CD6 /* Presenter */,
				C4DD69EC1E20603500667A4C /* Entity */,
				C4DD69EA1E20600200667A4C /* View */,
			);
			name = "Settings Module";
			sourceTree = "<group>";
		};
		C4DD69EA1E20600200667A4C /* View */ = {
			isa = PBXGroup;
			children = (
				C47472A01E27829400292CD6 /* SettingsViewController.swift */,
				C47472A11E27829400292CD6 /* SettingsViewController.xib */,
			);
			name = View;
			sourceTree = "<group>";
		};
		C4DD69EC1E20603500667A4C /* Entity */ = {
			isa = PBXGroup;
			children = (
			);
			name = Entity;
			sourceTree = "<group>";
		};
		C4DD69EE1E20605500667A4C /* View */ = {
			isa = PBXGroup;
			children = (
				C468F2D51E2333BA0046FDD2 /* HomeViewController.swift */,
				C468F2D61E2333BA0046FDD2 /* HomeViewController.xib */,
			);
			name = View;
			sourceTree = "<group>";
		};
		C4DD69F01E20607400667A4C /* Presenter */ = {
			isa = PBXGroup;
			children = (
				C4EAF3F51E26FDDF00AB7A23 /* HomePresenter.swift */,
			);
			name = Presenter;
			sourceTree = "<group>";
		};
		C4DD69F51E20610E00667A4C /* Route Module */ = {
			isa = PBXGroup;
			children = (
				C4DD69F81E20611E00667A4C /* View */,
				C4EAF3F91E27140700AB7A23 /* Interactor */,
				C4EAF3FA1E27140C00AB7A23 /* Presenter */,
				C474729D1E27478200292CD6 /* Entity */,
				C4EAF3FC1E2714C000AB7A23 /* Router */,
			);
			name = "Route Module";
			sourceTree = "<group>";
		};
		C4DD69F81E20611E00667A4C /* View */ = {
			isa = PBXGroup;
			children = (
				C468F2D91E2343190046FDD2 /* RouteViewController.swift */,
				C468F2DA1E2343190046FDD2 /* RouteViewController.xib */,
				C47472911E27235D00292CD6 /* Subviews */,
			);
			name = View;
			sourceTree = "<group>";
		};
		C4EAF3F91E27140700AB7A23 /* Interactor */ = {
			isa = PBXGroup;
			children = (
				C4EAF3F71E2713D800AB7A23 /* RouteInteractor.swift */,
			);
			name = Interactor;
			sourceTree = "<group>";
		};
		C4EAF3FA1E27140C00AB7A23 /* Presenter */ = {
			isa = PBXGroup;
			children = (
				C438C74A1E25A7CE0043922E /* RoutePresenter.swift */,
			);
			name = Presenter;
			sourceTree = "<group>";
		};
		C4EAF3FC1E2714C000AB7A23 /* Router */ = {
			isa = PBXGroup;
			children = (
			);
			name = Router;
			sourceTree = "<group>";
		};
		C4F471251E2EDA0C00479187 /* Best Routes Module */ = {
			isa = PBXGroup;
			children = (
				C4F471261E2EDA1400479187 /* View */,
				C4F471271E2EDA1900479187 /* Presenter */,
				C4F471281E2EDA4600479187 /* Wireframe */,
			);
			name = "Best Routes Module";
			sourceTree = "<group>";
		};
		C4F471261E2EDA1400479187 /* View */ = {
			isa = PBXGroup;
			children = (
				C4F471291E2EDA6900479187 /* BestRoutesViewController.swift */,
				C4F4712A1E2EDA6900479187 /* BestRoutesViewController.xib */,
				C47472941E2742D500292CD6 /* Subviews */,
			);
			name = View;
			sourceTree = "<group>";
		};
		C4F471271E2EDA1900479187 /* Presenter */ = {
			isa = PBXGroup;
			children = (
				C4F4712D1E2EDAB500479187 /* BestRoutesPresenter.swift */,
			);
			name = Presenter;
			sourceTree = "<group>";
		};
		C4F471281E2EDA4600479187 /* Wireframe */ = {
			isa = PBXGroup;
			children = (
			);
			name = Wireframe;
			sourceTree = "<group>";
		};
		C4F4712F1E2EE5C300479187 /* Wireframe */ = {
			isa = PBXGroup;
			children = (
				C4F471301E2EE64700479187 /* HomeWireframe.swift */,
			);
			name = Wireframe;
			sourceTree = "<group>";
		};
/* End PBXGroup section */

/* Begin PBXNativeTarget section */
		C4746FE21E1E082C00832FC3 /* Routefire */ = {
			isa = PBXNativeTarget;
			buildConfigurationList = C4746FF81E1E082C00832FC3 /* Build configuration list for PBXNativeTarget "Routefire" */;
			buildPhases = (
				CFFBA73F907A223BC4402F85 /* [CP] Check Pods Manifest.lock */,
				C4746FDF1E1E082C00832FC3 /* Sources */,
				C4746FE01E1E082C00832FC3 /* Frameworks */,
				C4746FE11E1E082C00832FC3 /* Resources */,
				6F108588BC373E631BEA7591 /* [CP] Embed Pods Frameworks */,
				E8A8FE62977973AFFC015DC7 /* [CP] Copy Pods Resources */,
			);
			buildRules = (
			);
			dependencies = (
			);
			name = Routefire;
			productName = Routefire;
			productReference = C4746FE31E1E082C00832FC3 /* Routefire.app */;
			productType = "com.apple.product-type.application";
		};
/* End PBXNativeTarget section */

/* Begin PBXProject section */
		C4746FDB1E1E082C00832FC3 /* Project object */ = {
			isa = PBXProject;
			attributes = {
				LastSwiftUpdateCheck = 0820;
				LastUpgradeCheck = 0820;
				ORGANIZATIONNAME = "William Robinson";
				TargetAttributes = {
					C4746FE21E1E082C00832FC3 = {
						CreatedOnToolsVersion = 8.2.1;
						DevelopmentTeam = TWPE6ND5AF;
						ProvisioningStyle = Automatic;
					};
				};
			};
			buildConfigurationList = C4746FDE1E1E082C00832FC3 /* Build configuration list for PBXProject "Routefire" */;
			compatibilityVersion = "Xcode 3.2";
			developmentRegion = English;
			hasScannedForEncodings = 0;
			knownRegions = (
				en,
				Base,
			);
			mainGroup = C4746FDA1E1E082C00832FC3;
			productRefGroup = C4746FE41E1E082C00832FC3 /* Products */;
			projectDirPath = "";
			projectRoot = "";
			targets = (
				C4746FE21E1E082C00832FC3 /* Routefire */,
			);
		};
/* End PBXProject section */

/* Begin PBXResourcesBuildPhase section */
		C4746FE11E1E082C00832FC3 /* Resources */ = {
			isa = PBXResourcesBuildPhase;
			buildActionMask = 2147483647;
			files = (
				C4746FF41E1E082C00832FC3 /* LaunchScreen.storyboard in Resources */,
				C47472A31E27829400292CD6 /* SettingsViewController.xib in Resources */,
				C4F4712C1E2EDA6900479187 /* BestRoutesViewController.xib in Resources */,
				C468F2DC1E2343190046FDD2 /* RouteViewController.xib in Resources */,
				C46E12991E258E64009E1D59 /* MapStyle.json in Resources */,
				C4EAF3F01E26EAA900AB7A23 /* DestinationTableViewCell.xib in Resources */,
				C474729C1E27433600292CD6 /* BestRouteCollectionViewCell.xib in Resources */,
				C4746FF11E1E082C00832FC3 /* Assets.xcassets in Resources */,
				C4551CCE1E2C3A18001A8172 /* ProfileViewController.xib in Resources */,
				C468F2D81E2333BA0046FDD2 /* HomeViewController.xib in Resources */,
			);
			runOnlyForDeploymentPostprocessing = 0;
		};
/* End PBXResourcesBuildPhase section */

/* Begin PBXShellScriptBuildPhase section */
		6F108588BC373E631BEA7591 /* [CP] Embed Pods Frameworks */ = {
			isa = PBXShellScriptBuildPhase;
			buildActionMask = 2147483647;
			files = (
			);
			inputPaths = (
			);
			name = "[CP] Embed Pods Frameworks";
			outputPaths = (
			);
			runOnlyForDeploymentPostprocessing = 0;
			shellPath = /bin/sh;
			shellScript = "\"${SRCROOT}/Pods/Target Support Files/Pods-Routefire/Pods-Routefire-frameworks.sh\"\n";
			showEnvVarsInLog = 0;
		};
		CFFBA73F907A223BC4402F85 /* [CP] Check Pods Manifest.lock */ = {
			isa = PBXShellScriptBuildPhase;
			buildActionMask = 2147483647;
			files = (
			);
			inputPaths = (
			);
			name = "[CP] Check Pods Manifest.lock";
			outputPaths = (
			);
			runOnlyForDeploymentPostprocessing = 0;
			shellPath = /bin/sh;
			shellScript = "diff \"${PODS_ROOT}/../Podfile.lock\" \"${PODS_ROOT}/Manifest.lock\" > /dev/null\nif [ $? != 0 ] ; then\n    # print error to STDERR\n    echo \"error: The sandbox is not in sync with the Podfile.lock. Run 'pod install' or update your CocoaPods installation.\" >&2\n    exit 1\nfi\n";
			showEnvVarsInLog = 0;
		};
		E8A8FE62977973AFFC015DC7 /* [CP] Copy Pods Resources */ = {
			isa = PBXShellScriptBuildPhase;
			buildActionMask = 2147483647;
			files = (
			);
			inputPaths = (
			);
			name = "[CP] Copy Pods Resources";
			outputPaths = (
			);
			runOnlyForDeploymentPostprocessing = 0;
			shellPath = /bin/sh;
			shellScript = "\"${SRCROOT}/Pods/Target Support Files/Pods-Routefire/Pods-Routefire-resources.sh\"\n";
			showEnvVarsInLog = 0;
		};
/* End PBXShellScriptBuildPhase section */

/* Begin PBXSourcesBuildPhase section */
		C4746FDF1E1E082C00832FC3 /* Sources */ = {
			isa = PBXSourcesBuildPhase;
			buildActionMask = 2147483647;
			files = (
				C4EAF3F61E26FDDF00AB7A23 /* HomePresenter.swift in Sources */,
				C4746FE71E1E082C00832FC3 /* AppDelegate.swift in Sources */,
				C4F4712E1E2EDAB500479187 /* BestRoutesPresenter.swift in Sources */,
				C47472A21E27829400292CD6 /* SettingsViewController.swift in Sources */,
				C4037E031E2EB88D00279B01 /* Taxi.swift in Sources */,
				C4F471311E2EE64700479187 /* HomeWireframe.swift in Sources */,
				C4EAF3F81E2713D800AB7A23 /* RouteInteractor.swift in Sources */,
				C469AAAE1E1F31850009A15F /* BottomBorderTextField.swift in Sources */,
				C4B305DB1E1E13D600C56A99 /* KeyframeAnimationOptions.swift in Sources */,
				C47472A61E2782EE00292CD6 /* SettingsPresenter.swift in Sources */,
				C4B305D71E1E0A2300C56A99 /* Secrets.swift in Sources */,
				C46E12961E248318009E1D59 /* ContainerViewController.swift in Sources */,
				C4746FEF1E1E082C00832FC3 /* Routefire.xcdatamodeld in Sources */,
				C4037DFF1E2EB82600279B01 /* Uber.swift in Sources */,
				C4F4712B1E2EDA6900479187 /* BestRoutesViewController.swift in Sources */,
				C46E12911E245BC2009E1D59 /* CustomShadows.swift in Sources */,
				C474729F1E27479400292CD6 /* Route.swift in Sources */,
				C4EAF3EF1E26EAA900AB7A23 /* DestinationTableViewCell.swift in Sources */,
				C438C74B1E25A7CE0043922E /* RoutePresenter.swift in Sources */,
				C472BF381E2A8E5600D9A2E7 /* CustomColors.swift in Sources */,
				C4037E011E2EB87D00279B01 /* Lyft.swift in Sources */,
				C474729B1E27433600292CD6 /* BestRouteCollectionViewCell.swift in Sources */,
				C468F2D71E2333BA0046FDD2 /* HomeViewController.swift in Sources */,
				C4551CCD1E2C3A18001A8172 /* ProfileViewController.swift in Sources */,
				C4B305DD1E1E4BBE00C56A99 /* Constants.swift in Sources */,
				C468F2DB1E2343190046FDD2 /* RouteViewController.swift in Sources */,
				C4037E051E2EB8A600279B01 /* Places.swift in Sources */,
			);
			runOnlyForDeploymentPostprocessing = 0;
		};
/* End PBXSourcesBuildPhase section */

/* Begin PBXVariantGroup section */
		C4746FF21E1E082C00832FC3 /* LaunchScreen.storyboard */ = {
			isa = PBXVariantGroup;
			children = (
				C4746FF31E1E082C00832FC3 /* Base */,
			);
			name = LaunchScreen.storyboard;
			sourceTree = "<group>";
		};
/* End PBXVariantGroup section */

/* Begin XCBuildConfiguration section */
		C4746FF61E1E082C00832FC3 /* Debug */ = {
			isa = XCBuildConfiguration;
			buildSettings = {
				ALWAYS_SEARCH_USER_PATHS = NO;
				CLANG_ANALYZER_NONNULL = YES;
				CLANG_CXX_LANGUAGE_STANDARD = "gnu++0x";
				CLANG_CXX_LIBRARY = "libc++";
				CLANG_ENABLE_MODULES = YES;
				CLANG_ENABLE_OBJC_ARC = YES;
				CLANG_WARN_BOOL_CONVERSION = YES;
				CLANG_WARN_CONSTANT_CONVERSION = YES;
				CLANG_WARN_DIRECT_OBJC_ISA_USAGE = YES_ERROR;
				CLANG_WARN_DOCUMENTATION_COMMENTS = YES;
				CLANG_WARN_EMPTY_BODY = YES;
				CLANG_WARN_ENUM_CONVERSION = YES;
				CLANG_WARN_INFINITE_RECURSION = YES;
				CLANG_WARN_INT_CONVERSION = YES;
				CLANG_WARN_OBJC_ROOT_CLASS = YES_ERROR;
				CLANG_WARN_SUSPICIOUS_MOVE = YES;
				CLANG_WARN_UNREACHABLE_CODE = YES;
				CLANG_WARN__DUPLICATE_METHOD_MATCH = YES;
				"CODE_SIGN_IDENTITY[sdk=iphoneos*]" = "iPhone Developer";
				COPY_PHASE_STRIP = NO;
				DEBUG_INFORMATION_FORMAT = dwarf;
				ENABLE_STRICT_OBJC_MSGSEND = YES;
				ENABLE_TESTABILITY = YES;
				GCC_C_LANGUAGE_STANDARD = gnu99;
				GCC_DYNAMIC_NO_PIC = NO;
				GCC_NO_COMMON_BLOCKS = YES;
				GCC_OPTIMIZATION_LEVEL = 0;
				GCC_PREPROCESSOR_DEFINITIONS = (
					"DEBUG=1",
					"$(inherited)",
				);
				GCC_WARN_64_TO_32_BIT_CONVERSION = YES;
				GCC_WARN_ABOUT_RETURN_TYPE = YES_ERROR;
				GCC_WARN_UNDECLARED_SELECTOR = YES;
				GCC_WARN_UNINITIALIZED_AUTOS = YES_AGGRESSIVE;
				GCC_WARN_UNUSED_FUNCTION = YES;
				GCC_WARN_UNUSED_VARIABLE = YES;
				IPHONEOS_DEPLOYMENT_TARGET = 10.2;
				MTL_ENABLE_DEBUG_INFO = YES;
				ONLY_ACTIVE_ARCH = YES;
				SDKROOT = iphoneos;
				SWIFT_ACTIVE_COMPILATION_CONDITIONS = DEBUG;
				SWIFT_OPTIMIZATION_LEVEL = "-Onone";
			};
			name = Debug;
		};
		C4746FF71E1E082C00832FC3 /* Release */ = {
			isa = XCBuildConfiguration;
			buildSettings = {
				ALWAYS_SEARCH_USER_PATHS = NO;
				CLANG_ANALYZER_NONNULL = YES;
				CLANG_CXX_LANGUAGE_STANDARD = "gnu++0x";
				CLANG_CXX_LIBRARY = "libc++";
				CLANG_ENABLE_MODULES = YES;
				CLANG_ENABLE_OBJC_ARC = YES;
				CLANG_WARN_BOOL_CONVERSION = YES;
				CLANG_WARN_CONSTANT_CONVERSION = YES;
				CLANG_WARN_DIRECT_OBJC_ISA_USAGE = YES_ERROR;
				CLANG_WARN_DOCUMENTATION_COMMENTS = YES;
				CLANG_WARN_EMPTY_BODY = YES;
				CLANG_WARN_ENUM_CONVERSION = YES;
				CLANG_WARN_INFINITE_RECURSION = YES;
				CLANG_WARN_INT_CONVERSION = YES;
				CLANG_WARN_OBJC_ROOT_CLASS = YES_ERROR;
				CLANG_WARN_SUSPICIOUS_MOVE = YES;
				CLANG_WARN_UNREACHABLE_CODE = YES;
				CLANG_WARN__DUPLICATE_METHOD_MATCH = YES;
				"CODE_SIGN_IDENTITY[sdk=iphoneos*]" = "iPhone Developer";
				COPY_PHASE_STRIP = NO;
				DEBUG_INFORMATION_FORMAT = "dwarf-with-dsym";
				ENABLE_NS_ASSERTIONS = NO;
				ENABLE_STRICT_OBJC_MSGSEND = YES;
				GCC_C_LANGUAGE_STANDARD = gnu99;
				GCC_NO_COMMON_BLOCKS = YES;
				GCC_WARN_64_TO_32_BIT_CONVERSION = YES;
				GCC_WARN_ABOUT_RETURN_TYPE = YES_ERROR;
				GCC_WARN_UNDECLARED_SELECTOR = YES;
				GCC_WARN_UNINITIALIZED_AUTOS = YES_AGGRESSIVE;
				GCC_WARN_UNUSED_FUNCTION = YES;
				GCC_WARN_UNUSED_VARIABLE = YES;
				IPHONEOS_DEPLOYMENT_TARGET = 10.2;
				MTL_ENABLE_DEBUG_INFO = NO;
				SDKROOT = iphoneos;
				SWIFT_OPTIMIZATION_LEVEL = "-Owholemodule";
				VALIDATE_PRODUCT = YES;
			};
			name = Release;
		};
		C4746FF91E1E082C00832FC3 /* Debug */ = {
			isa = XCBuildConfiguration;
			baseConfigurationReference = 5C223F96DCEC47D1C0B8AF18 /* Pods-Routefire.debug.xcconfig */;
			buildSettings = {
				ALWAYS_EMBED_SWIFT_STANDARD_LIBRARIES = YES;
				ASSETCATALOG_COMPILER_APPICON_NAME = AppIcon;
				DEVELOPMENT_TEAM = TWPE6ND5AF;
				INFOPLIST_FILE = Routefire/Info.plist;
				LD_RUNPATH_SEARCH_PATHS = "$(inherited) @executable_path/Frameworks";
				PRODUCT_BUNDLE_IDENTIFIER = com.WilliamRobinson.Routefire;
				PRODUCT_NAME = "$(TARGET_NAME)";
				SWIFT_VERSION = 3.0;
			};
			name = Debug;
		};
		C4746FFA1E1E082C00832FC3 /* Release */ = {
			isa = XCBuildConfiguration;
			baseConfigurationReference = 77BB0D6CCC46922D13B4BFF0 /* Pods-Routefire.release.xcconfig */;
			buildSettings = {
				ALWAYS_EMBED_SWIFT_STANDARD_LIBRARIES = YES;
				ASSETCATALOG_COMPILER_APPICON_NAME = AppIcon;
				DEVELOPMENT_TEAM = TWPE6ND5AF;
				INFOPLIST_FILE = Routefire/Info.plist;
				LD_RUNPATH_SEARCH_PATHS = "$(inherited) @executable_path/Frameworks";
				PRODUCT_BUNDLE_IDENTIFIER = com.WilliamRobinson.Routefire;
				PRODUCT_NAME = "$(TARGET_NAME)";
				SWIFT_VERSION = 3.0;
			};
			name = Release;
		};
/* End XCBuildConfiguration section */

/* Begin XCConfigurationList section */
		C4746FDE1E1E082C00832FC3 /* Build configuration list for PBXProject "Routefire" */ = {
			isa = XCConfigurationList;
			buildConfigurations = (
				C4746FF61E1E082C00832FC3 /* Debug */,
				C4746FF71E1E082C00832FC3 /* Release */,
			);
			defaultConfigurationIsVisible = 0;
			defaultConfigurationName = Release;
		};
		C4746FF81E1E082C00832FC3 /* Build configuration list for PBXNativeTarget "Routefire" */ = {
			isa = XCConfigurationList;
			buildConfigurations = (
				C4746FF91E1E082C00832FC3 /* Debug */,
				C4746FFA1E1E082C00832FC3 /* Release */,
			);
			defaultConfigurationIsVisible = 0;
			defaultConfigurationName = Release;
		};
/* End XCConfigurationList section */

/* Begin XCVersionGroup section */
		C4746FED1E1E082C00832FC3 /* Routefire.xcdatamodeld */ = {
			isa = XCVersionGroup;
			children = (
				C4746FEE1E1E082C00832FC3 /* Routefire.xcdatamodel */,
			);
			currentVersion = C4746FEE1E1E082C00832FC3 /* Routefire.xcdatamodel */;
			path = Routefire.xcdatamodeld;
			sourceTree = "<group>";
			versionGroupType = wrapper.xcdatamodel;
		};
/* End XCVersionGroup section */
	};
	rootObject = C4746FDB1E1E082C00832FC3 /* Project object */;
}
