PODS:
  - Alamofire (4.2.0)
  - GoogleMaps (2.1.1):
    - GoogleMaps/Maps (= 2.1.1)
  - GoogleMaps/Base (2.1.1)
  - GoogleMaps/Maps (2.1.1):
    - GoogleMaps/Base
  - GooglePlaces (2.1.1):
    - GoogleMaps/Base (= 2.1.1)
  - IQKeyboardManagerSwift (4.0.8)
  - ReachabilitySwift (3)
  - TouchVisualizer (2.1.0)

DEPENDENCIES:
  - Alamofire
  - GoogleMaps
  - GooglePlaces
  - IQKeyboardManagerSwift
  - ReachabilitySwift
  - TouchVisualizer

SPEC CHECKSUMS:
  Alamofire: aa2e09d871c9160ac53c90e83c68064a94e3dfbe
  GoogleMaps: a5b5bbe47734e2443bde781a6aa64e69fdb6d785
  GooglePlaces: 35636d86e5020cba3856eb988c09a5491de0a65a
  IQKeyboardManagerSwift: c04bc9f68473823f825eb44d958fce98d921bead
  ReachabilitySwift: f5b9bb30a0777fac8f09ce8b067e32faeb29bb64
  TouchVisualizer: a67d7b7c2786b6a2e13103fd76ac08093542f0c0

PODFILE CHECKSUM: aab28d07ffaae583b8cf7d2731123fb3bef6b9bf

COCOAPODS: 1.1.1
